
Microsoft Visual Studio Solution File, Format Version 12.00
# Visual Studio Version 17
VisualStudioVersion = 17.6.33723.286
MinimumVisualStudioVersion = 10.0.40219.1
Project("{FAE04EC0-301F-11D3-BF4B-00C04F79EFBC}") = "DemoAPI2", "DemoAPI2\DemoAPI2.csproj", "{795B41FB-E3DE-4381-BCF1-7DCD92FF104C}"
EndProject
Project("{FAE04EC0-301F-11D3-BF4B-00C04F79EFBC}") = "DemoCommon", "DemoCommon\DemoCommon.csproj", "{C76108E5-85C5-4CAE-AF9B-8885032F695E}"
EndProject
Project("{FAE04EC0-301F-11D3-BF4B-00C04F79EFBC}") = "DemoService", "DemoService\DemoService.csproj", "{9150225A-2AD0-4AE7-8EB6-07BFDC100745}"
EndProject
Global
	GlobalSection(SolutionConfigurationPlatforms) = preSolution
		Debug|Any CPU = Debug|Any CPU
		Release|Any CPU = Release|Any CPU
	EndGlobalSection
	GlobalSection(ProjectConfigurationPlatforms) = postSolution
		{795B41FB-E3DE-4381-BCF1-7DCD92FF104C}.Debug|Any CPU.ActiveCfg = Debug|Any CPU
		{795B41FB-E3DE-4381-BCF1-7DCD92FF104C}.Debug|Any CPU.Build.0 = Debug|Any CPU
		{795B41FB-E3DE-4381-BCF1-7DCD92FF104C}.Release|Any CPU.ActiveCfg = Release|Any CPU
		{795B41FB-E3DE-4381-BCF1-7DCD92FF104C}.Release|Any CPU.Build.0 = Release|Any CPU
		{C76108E5-85C5-4CAE-AF9B-8885032F695E}.Debug|Any CPU.ActiveCfg = Debug|Any CPU
		{C76108E5-85C5-4CAE-AF9B-8885032F695E}.Debug|Any CPU.Build.0 = Debug|Any CPU
		{C76108E5-85C5-4CAE-AF9B-8885032F695E}.Release|Any CPU.ActiveCfg = Release|Any CPU
		{C76108E5-85C5-4CAE-AF9B-8885032F695E}.Release|Any CPU.Build.0 = Release|Any CPU
		{9150225A-2AD0-4AE7-8EB6-07BFDC100745}.Debug|Any CPU.ActiveCfg = Debug|Any CPU
		{9150225A-2AD0-4AE7-8EB6-07BFDC100745}.Debug|Any CPU.Build.0 = Debug|Any CPU
		{9150225A-2AD0-4AE7-8EB6-07BFDC100745}.Release|Any CPU.ActiveCfg = Release|Any CPU
		{9150225A-2AD0-4AE7-8EB6-07BFDC100745}.Release|Any CPU.Build.0 = Release|Any CPU
	EndGlobalSection
	GlobalSection(SolutionProperties) = preSolution
		HideSolutionNode = FALSE
	EndGlobalSection
	GlobalSection(ExtensibilityGlobals) = postSolution
		SolutionGuid = {021140E1-AE78-4F00-9D02-8C38B9CB8656}
	EndGlobalSection
EndGlobal
